
Microsoft Visual Studio Solution File, Format Version 12.00
# Visual Studio Version 17
VisualStudioVersion = 17.3.32825.248
MinimumVisualStudioVersion = 10.0.40219.1
Project("{FAE04EC0-301F-11D3-BF4B-00C04F79EFBC}") = "Name Picker", "Name Picker\Name Picker.csproj", "{135C1934-6605-4725-8D0B-5A4487FB8BC8}"
EndProject
Global
	GlobalSection(SolutionConfigurationPlatforms) = preSolution
		Debug|Any CPU = Debug|Any CPU
		Release|Any CPU = Release|Any CPU
	EndGlobalSection
	GlobalSection(ProjectConfigurationPlatforms) = postSolution
		{135C1934-6605-4725-8D0B-5A4487FB8BC8}.Debug|Any CPU.ActiveCfg = Debug|Any CPU
		{135C1934-6605-4725-8D0B-5A4487FB8BC8}.Debug|Any CPU.Build.0 = Debug|Any CPU
		{135C1934-6605-4725-8D0B-5A4487FB8BC8}.Release|Any CPU.ActiveCfg = Release|Any CPU
		{135C1934-6605-4725-8D0B-5A4487FB8BC8}.Release|Any CPU.Build.0 = Release|Any CPU
	EndGlobalSection
	GlobalSection(SolutionProperties) = preSolution
		HideSolutionNode = FALSE
	EndGlobalSection
	GlobalSection(ExtensibilityGlobals) = postSolution
		SolutionGuid = {A477BC90-1A8A-4AAF-9BF3-439B8D4D8703}
	EndGlobalSection
EndGlobal
